
Microsoft Visual Studio Solution File, Format Version 12.00
# Visual Studio Version 18
VisualStudioVersion = 18.1.11312.151 d18.0
MinimumVisualStudioVersion = 10.0.40219.1
Project("{9A19103F-16F7-4668-BE54-9A1E7A4F7556}") = "Timetracker", "Timetracker.Console\Timetracker.csproj", "{00BB1098-957C-4F4C-A9E4-C102A0287185}"
EndProject
Global
	GlobalSection(SolutionConfigurationPlatforms) = preSolution
		Debug|Any CPU = Debug|Any CPU
		Release|Any CPU = Release|Any CPU
	EndGlobalSection
	GlobalSection(ProjectConfigurationPlatforms) = postSolution
		{00BB1098-957C-4F4C-A9E4-C102A0287185}.Debug|Any CPU.ActiveCfg = Debug|Any CPU
		{00BB1098-957C-4F4C-A9E4-C102A0287185}.Debug|Any CPU.Build.0 = Debug|Any CPU
		{00BB1098-957C-4F4C-A9E4-C102A0287185}.Release|Any CPU.ActiveCfg = Release|Any CPU
		{00BB1098-957C-4F4C-A9E4-C102A0287185}.Release|Any CPU.Build.0 = Release|Any CPU
	EndGlobalSection
	GlobalSection(SolutionProperties) = preSolution
		HideSolutionNode = FALSE
	EndGlobalSection
	GlobalSection(ExtensibilityGlobals) = postSolution
		SolutionGuid = {D989DF83-0444-449F-BF35-11114121B8CF}
	EndGlobalSection
EndGlobal
